
Microsoft Visual Studio Solution File, Format Version 12.00
# Visual Studio Version 17
VisualStudioVersion = 17.12.35514.174
MinimumVisualStudioVersion = 10.0.40219.1
Project("{FAE04EC0-301F-11D3-BF4B-00C04F79EFBC}") = "PushIt", "PushIt.csproj", "{7F5A5599-C0F9-47AA-9217-4F8D46EDB8CD}"
	ProjectSection(ProjectDependencies) = postProject
		{D0EE5CD0-BC5E-44C8-901D-520B96291080} = {D0EE5CD0-BC5E-44C8-901D-520B96291080}
	EndProjectSection
EndProject
Project("{FAE04EC0-301F-11D3-BF4B-00C04F79EFBC}") = "Tests", "..\Tests\Tests.csproj", "{F1E062D2-858F-4586-8528-B8B46801D93D}"
EndProject
Project("{FAE04EC0-301F-11D3-BF4B-00C04F79EFBC}") = "RevitUtils", "..\RevitUtils\RevitUtils.csproj", "{06B86732-E929-4467-8CE5-E98E637BF5E8}"
EndProject
Project("{FAE04EC0-301F-11D3-BF4B-00C04F79EFBC}") = "Utils", "..\Utils\Utils.csproj", "{D0EE5CD0-BC5E-44C8-901D-520B96291080}"
EndProject
Project("{FAE04EC0-301F-11D3-BF4B-00C04F79EFBC}") = "AtTheLibrary", "..\AtTheLibrary\AtTheLibrary.csproj", "{90A55AD0-5710-45EF-9F2B-C29F8410E348}"
EndProject
Project("{FAE04EC0-301F-11D3-BF4B-00C04F79EFBC}") = "WpfSandpit", "..\WpfSandpit\WpfSandpit.csproj", "{8660805D-5F80-4DE1-9B72-D03680BB454C}"
EndProject
Project("{FAE04EC0-301F-11D3-BF4B-00C04F79EFBC}") = "DocManager", "..\DocManager\DocManager.csproj", "{B4829418-225C-4A5F-B3ED-EB2D622028BB}"
EndProject
Project("{2150E333-8FDC-42A3-9474-1A3956D46DE8}") = "Solution Items", "Solution Items", "{89F94DE0-2814-43B4-A28D-CE2CA7745D62}"
	ProjectSection(SolutionItems) = preProject
		..\Scripts\DeployPlugin.bat = ..\Scripts\DeployPlugin.bat
	EndProjectSection
EndProject
Project("{FAE04EC0-301F-11D3-BF4B-00C04F79EFBC}") = "FileIOWrapper", "..\CSVHelperWrapper\FileIOWrapper.csproj", "{E0A9C49B-A70F-4E0F-BF95-25DB822F8276}"
EndProject
Global
	GlobalSection(SolutionConfigurationPlatforms) = preSolution
		Debug|Any CPU = Debug|Any CPU
		Debug|x64 = Debug|x64
		Release|Any CPU = Release|Any CPU
		Release|x64 = Release|x64
	EndGlobalSection
	GlobalSection(ProjectConfigurationPlatforms) = postSolution
		{7F5A5599-C0F9-47AA-9217-4F8D46EDB8CD}.Debug|Any CPU.ActiveCfg = Debug|Any CPU
		{7F5A5599-C0F9-47AA-9217-4F8D46EDB8CD}.Debug|Any CPU.Build.0 = Debug|Any CPU
		{7F5A5599-C0F9-47AA-9217-4F8D46EDB8CD}.Debug|x64.ActiveCfg = Debug|x64
		{7F5A5599-C0F9-47AA-9217-4F8D46EDB8CD}.Debug|x64.Build.0 = Debug|x64
		{7F5A5599-C0F9-47AA-9217-4F8D46EDB8CD}.Release|Any CPU.ActiveCfg = Release|Any CPU
		{7F5A5599-C0F9-47AA-9217-4F8D46EDB8CD}.Release|Any CPU.Build.0 = Release|Any CPU
		{7F5A5599-C0F9-47AA-9217-4F8D46EDB8CD}.Release|x64.ActiveCfg = Release|x64
		{7F5A5599-C0F9-47AA-9217-4F8D46EDB8CD}.Release|x64.Build.0 = Release|x64
		{F1E062D2-858F-4586-8528-B8B46801D93D}.Debug|Any CPU.ActiveCfg = Debug|Any CPU
		{F1E062D2-858F-4586-8528-B8B46801D93D}.Debug|Any CPU.Build.0 = Debug|Any CPU
		{F1E062D2-858F-4586-8528-B8B46801D93D}.Debug|x64.ActiveCfg = Debug|x64
		{F1E062D2-858F-4586-8528-B8B46801D93D}.Release|Any CPU.ActiveCfg = Release|Any CPU
		{F1E062D2-858F-4586-8528-B8B46801D93D}.Release|Any CPU.Build.0 = Release|Any CPU
		{F1E062D2-858F-4586-8528-B8B46801D93D}.Release|x64.ActiveCfg = Release|x64
		{06B86732-E929-4467-8CE5-E98E637BF5E8}.Debug|Any CPU.ActiveCfg = Debug|Any CPU
		{06B86732-E929-4467-8CE5-E98E637BF5E8}.Debug|Any CPU.Build.0 = Debug|Any CPU
		{06B86732-E929-4467-8CE5-E98E637BF5E8}.Debug|x64.ActiveCfg = Debug|x64
		{06B86732-E929-4467-8CE5-E98E637BF5E8}.Debug|x64.Build.0 = Debug|x64
		{06B86732-E929-4467-8CE5-E98E637BF5E8}.Release|Any CPU.ActiveCfg = Release|Any CPU
		{06B86732-E929-4467-8CE5-E98E637BF5E8}.Release|Any CPU.Build.0 = Release|Any CPU
		{06B86732-E929-4467-8CE5-E98E637BF5E8}.Release|x64.ActiveCfg = Release|x64
		{06B86732-E929-4467-8CE5-E98E637BF5E8}.Release|x64.Build.0 = Release|x64
		{D0EE5CD0-BC5E-44C8-901D-520B96291080}.Debug|Any CPU.ActiveCfg = Debug|Any CPU
		{D0EE5CD0-BC5E-44C8-901D-520B96291080}.Debug|Any CPU.Build.0 = Debug|Any CPU
		{D0EE5CD0-BC5E-44C8-901D-520B96291080}.Debug|x64.ActiveCfg = Debug|x64
		{D0EE5CD0-BC5E-44C8-901D-520B96291080}.Debug|x64.Build.0 = Debug|x64
		{D0EE5CD0-BC5E-44C8-901D-520B96291080}.Release|Any CPU.ActiveCfg = Release|Any CPU
		{D0EE5CD0-BC5E-44C8-901D-520B96291080}.Release|Any CPU.Build.0 = Release|Any CPU
		{D0EE5CD0-BC5E-44C8-901D-520B96291080}.Release|x64.ActiveCfg = Release|x64
		{D0EE5CD0-BC5E-44C8-901D-520B96291080}.Release|x64.Build.0 = Release|x64
		{90A55AD0-5710-45EF-9F2B-C29F8410E348}.Debug|Any CPU.ActiveCfg = Debug|Any CPU
		{90A55AD0-5710-45EF-9F2B-C29F8410E348}.Debug|Any CPU.Build.0 = Debug|Any CPU
		{90A55AD0-5710-45EF-9F2B-C29F8410E348}.Debug|x64.ActiveCfg = Debug|x64
		{90A55AD0-5710-45EF-9F2B-C29F8410E348}.Debug|x64.Build.0 = Debug|x64
		{90A55AD0-5710-45EF-9F2B-C29F8410E348}.Release|Any CPU.ActiveCfg = Release|Any CPU
		{90A55AD0-5710-45EF-9F2B-C29F8410E348}.Release|Any CPU.Build.0 = Release|Any CPU
		{90A55AD0-5710-45EF-9F2B-C29F8410E348}.Release|x64.ActiveCfg = Release|x64
		{90A55AD0-5710-45EF-9F2B-C29F8410E348}.Release|x64.Build.0 = Release|x64
		{8660805D-5F80-4DE1-9B72-D03680BB454C}.Debug|Any CPU.ActiveCfg = Debug|Any CPU
		{8660805D-5F80-4DE1-9B72-D03680BB454C}.Debug|Any CPU.Build.0 = Debug|Any CPU
		{8660805D-5F80-4DE1-9B72-D03680BB454C}.Debug|x64.ActiveCfg = Debug|x64
		{8660805D-5F80-4DE1-9B72-D03680BB454C}.Debug|x64.Build.0 = Debug|x64
		{8660805D-5F80-4DE1-9B72-D03680BB454C}.Release|Any CPU.ActiveCfg = Release|Any CPU
		{8660805D-5F80-4DE1-9B72-D03680BB454C}.Release|Any CPU.Build.0 = Release|Any CPU
		{8660805D-5F80-4DE1-9B72-D03680BB454C}.Release|x64.ActiveCfg = Release|x64
		{8660805D-5F80-4DE1-9B72-D03680BB454C}.Release|x64.Build.0 = Release|x64
		{B4829418-225C-4A5F-B3ED-EB2D622028BB}.Debug|Any CPU.ActiveCfg = Debug|Any CPU
		{B4829418-225C-4A5F-B3ED-EB2D622028BB}.Debug|Any CPU.Build.0 = Debug|Any CPU
		{B4829418-225C-4A5F-B3ED-EB2D622028BB}.Debug|x64.ActiveCfg = Debug|x64
		{B4829418-225C-4A5F-B3ED-EB2D622028BB}.Debug|x64.Build.0 = Debug|x64
		{B4829418-225C-4A5F-B3ED-EB2D622028BB}.Release|Any CPU.ActiveCfg = Release|Any CPU
		{B4829418-225C-4A5F-B3ED-EB2D622028BB}.Release|Any CPU.Build.0 = Release|Any CPU
		{B4829418-225C-4A5F-B3ED-EB2D622028BB}.Release|x64.ActiveCfg = Release|x64
		{B4829418-225C-4A5F-B3ED-EB2D622028BB}.Release|x64.Build.0 = Release|x64
		{E0A9C49B-A70F-4E0F-BF95-25DB822F8276}.Debug|Any CPU.ActiveCfg = Debug|Any CPU
		{E0A9C49B-A70F-4E0F-BF95-25DB822F8276}.Debug|Any CPU.Build.0 = Debug|Any CPU
		{E0A9C49B-A70F-4E0F-BF95-25DB822F8276}.Debug|x64.ActiveCfg = Debug|x64
		{E0A9C49B-A70F-4E0F-BF95-25DB822F8276}.Debug|x64.Build.0 = Debug|x64
		{E0A9C49B-A70F-4E0F-BF95-25DB822F8276}.Release|Any CPU.ActiveCfg = Release|Any CPU
		{E0A9C49B-A70F-4E0F-BF95-25DB822F8276}.Release|Any CPU.Build.0 = Release|Any CPU
		{E0A9C49B-A70F-4E0F-BF95-25DB822F8276}.Release|x64.ActiveCfg = Release|x64
		{E0A9C49B-A70F-4E0F-BF95-25DB822F8276}.Release|x64.Build.0 = Release|x64
	EndGlobalSection
	GlobalSection(SolutionProperties) = preSolution
		HideSolutionNode = FALSE
	EndGlobalSection
EndGlobal
