
Microsoft Visual Studio Solution File, Format Version 12.00
# Visual Studio Version 17
VisualStudioVersion = 17.12.35514.174 d17.12
MinimumVisualStudioVersion = 10.0.40219.1
Project("{FAE04EC0-301F-11D3-BF4B-00C04F79EFBC}") = "WpfApp1", "WpfApp1\WpfApp1.csproj", "{CDF26B39-2866-4BEB-A8C6-D3CC0AB30598}"
EndProject
Project("{FAE04EC0-301F-11D3-BF4B-00C04F79EFBC}") = "DocManager", "DocManager\DocManager.csproj", "{3248DC65-D774-4974-BF48-37B04B24AD04}"
EndProject
Global
	GlobalSection(SolutionConfigurationPlatforms) = preSolution
		Debug|Any CPU = Debug|Any CPU
		Debug|x64 = Debug|x64
		Release|Any CPU = Release|Any CPU
		Release|x64 = Release|x64
	EndGlobalSection
	GlobalSection(ProjectConfigurationPlatforms) = postSolution
		{CDF26B39-2866-4BEB-A8C6-D3CC0AB30598}.Debug|Any CPU.ActiveCfg = Debug|Any CPU
		{CDF26B39-2866-4BEB-A8C6-D3CC0AB30598}.Debug|Any CPU.Build.0 = Debug|Any CPU
		{CDF26B39-2866-4BEB-A8C6-D3CC0AB30598}.Debug|x64.ActiveCfg = Debug|x64
		{CDF26B39-2866-4BEB-A8C6-D3CC0AB30598}.Debug|x64.Build.0 = Debug|x64
		{CDF26B39-2866-4BEB-A8C6-D3CC0AB30598}.Release|Any CPU.ActiveCfg = Release|Any CPU
		{CDF26B39-2866-4BEB-A8C6-D3CC0AB30598}.Release|Any CPU.Build.0 = Release|Any CPU
		{CDF26B39-2866-4BEB-A8C6-D3CC0AB30598}.Release|x64.ActiveCfg = Release|x64
		{CDF26B39-2866-4BEB-A8C6-D3CC0AB30598}.Release|x64.Build.0 = Release|x64
		{3248DC65-D774-4974-BF48-37B04B24AD04}.Debug|Any CPU.ActiveCfg = Debug|Any CPU
		{3248DC65-D774-4974-BF48-37B04B24AD04}.Debug|Any CPU.Build.0 = Debug|Any CPU
		{3248DC65-D774-4974-BF48-37B04B24AD04}.Debug|x64.ActiveCfg = Debug|x64
		{3248DC65-D774-4974-BF48-37B04B24AD04}.Debug|x64.Build.0 = Debug|x64
		{3248DC65-D774-4974-BF48-37B04B24AD04}.Release|Any CPU.ActiveCfg = Release|Any CPU
		{3248DC65-D774-4974-BF48-37B04B24AD04}.Release|Any CPU.Build.0 = Release|Any CPU
		{3248DC65-D774-4974-BF48-37B04B24AD04}.Release|x64.ActiveCfg = Release|x64
		{3248DC65-D774-4974-BF48-37B04B24AD04}.Release|x64.Build.0 = Release|x64
	EndGlobalSection
	GlobalSection(SolutionProperties) = preSolution
		HideSolutionNode = FALSE
	EndGlobalSection
EndGlobal
