
Microsoft Visual Studio Solution File, Format Version 12.00
# Visual Studio Version 18
VisualStudioVersion = 18.2.11415.280
MinimumVisualStudioVersion = 10.0.40219.1
Project("{FAE04EC0-301F-11D3-BF4B-00C04F79EFBC}") = "PDFDWGExporterUI", "PDFDWGExporterUI\PDFDWGExporterUI.csproj", "{E3D8A25E-62CA-4E17-A2EE-CB43B92A31B6}"
EndProject
Project("{FAE04EC0-301F-11D3-BF4B-00C04F79EFBC}") = "PDFDWGExportTester", "PDFDWGExportTester\PDFDWGExportTester.csproj", "{F91886A7-71B2-49E7-8EC2-C2C7D08A10E7}"
EndProject
Project("{FAE04EC0-301F-11D3-BF4B-00C04F79EFBC}") = "SelectFiles", "SelectFiles\SelectFiles.csproj", "{C196FD5D-4EF5-4CD4-A9E1-F3346D83F68B}"
EndProject
Project("{FAE04EC0-301F-11D3-BF4B-00C04F79EFBC}") = "PDFDWGExporterSelectionUI", "PDFDWGExporterSelectionUI\PDFDWGExporterSelectionUI.csproj", "{0413BA8D-E793-4AD1-94AB-2B984EB56BFD}"
EndProject
Project("{FAE04EC0-301F-11D3-BF4B-00C04F79EFBC}") = "PDFDWGExporterSelectionTester", "PDFDWGExporterSelectionTester\PDFDWGExporterSelectionTester.csproj", "{2F7535B0-107F-449E-B8EE-75A810C1598C}"
EndProject
Project("{FAE04EC0-301F-11D3-BF4B-00C04F79EFBC}") = "FamilyReloaderUI", "FamilyReloaderUI\FamilyReloaderUI.csproj", "{AD82FBA0-4FB0-485E-8FF2-060C4700108F}"
EndProject
Project("{FAE04EC0-301F-11D3-BF4B-00C04F79EFBC}") = "FamilyReloaderUITester", "FamilyReloaderUITester\FamilyReloaderUITester.csproj", "{480AD1AE-E357-4D3F-910F-953C48833BF9}"
EndProject
Project("{FAE04EC0-301F-11D3-BF4B-00C04F79EFBC}") = "DocManagerSettingsUI", "DocManagerSettingsUI\DocManagerSettingsUI.csproj", "{11FF2551-4A85-4739-9B22-B80F4160FF6C}"
EndProject
Global
	GlobalSection(SolutionConfigurationPlatforms) = preSolution
		Debug|Any CPU = Debug|Any CPU
		Debug|x64 = Debug|x64
		Release|Any CPU = Release|Any CPU
		Release|x64 = Release|x64
	EndGlobalSection
	GlobalSection(ProjectConfigurationPlatforms) = postSolution
		{E3D8A25E-62CA-4E17-A2EE-CB43B92A31B6}.Debug|Any CPU.ActiveCfg = Debug|Any CPU
		{E3D8A25E-62CA-4E17-A2EE-CB43B92A31B6}.Debug|Any CPU.Build.0 = Debug|Any CPU
		{E3D8A25E-62CA-4E17-A2EE-CB43B92A31B6}.Debug|x64.ActiveCfg = Debug|x64
		{E3D8A25E-62CA-4E17-A2EE-CB43B92A31B6}.Debug|x64.Build.0 = Debug|x64
		{E3D8A25E-62CA-4E17-A2EE-CB43B92A31B6}.Release|Any CPU.ActiveCfg = Release|Any CPU
		{E3D8A25E-62CA-4E17-A2EE-CB43B92A31B6}.Release|Any CPU.Build.0 = Release|Any CPU
		{E3D8A25E-62CA-4E17-A2EE-CB43B92A31B6}.Release|x64.ActiveCfg = Release|x64
		{E3D8A25E-62CA-4E17-A2EE-CB43B92A31B6}.Release|x64.Build.0 = Release|x64
		{F91886A7-71B2-49E7-8EC2-C2C7D08A10E7}.Debug|Any CPU.ActiveCfg = Debug|Any CPU
		{F91886A7-71B2-49E7-8EC2-C2C7D08A10E7}.Debug|Any CPU.Build.0 = Debug|Any CPU
		{F91886A7-71B2-49E7-8EC2-C2C7D08A10E7}.Debug|x64.ActiveCfg = Debug|x64
		{F91886A7-71B2-49E7-8EC2-C2C7D08A10E7}.Debug|x64.Build.0 = Debug|x64
		{F91886A7-71B2-49E7-8EC2-C2C7D08A10E7}.Release|Any CPU.ActiveCfg = Release|Any CPU
		{F91886A7-71B2-49E7-8EC2-C2C7D08A10E7}.Release|Any CPU.Build.0 = Release|Any CPU
		{F91886A7-71B2-49E7-8EC2-C2C7D08A10E7}.Release|x64.ActiveCfg = Release|x64
		{C196FD5D-4EF5-4CD4-A9E1-F3346D83F68B}.Debug|Any CPU.ActiveCfg = Debug|Any CPU
		{C196FD5D-4EF5-4CD4-A9E1-F3346D83F68B}.Debug|Any CPU.Build.0 = Debug|Any CPU
		{C196FD5D-4EF5-4CD4-A9E1-F3346D83F68B}.Debug|x64.ActiveCfg = Debug|x64
		{C196FD5D-4EF5-4CD4-A9E1-F3346D83F68B}.Release|Any CPU.ActiveCfg = Release|Any CPU
		{C196FD5D-4EF5-4CD4-A9E1-F3346D83F68B}.Release|Any CPU.Build.0 = Release|Any CPU
		{C196FD5D-4EF5-4CD4-A9E1-F3346D83F68B}.Release|x64.ActiveCfg = Release|x64
		{0413BA8D-E793-4AD1-94AB-2B984EB56BFD}.Debug|Any CPU.ActiveCfg = Debug|Any CPU
		{0413BA8D-E793-4AD1-94AB-2B984EB56BFD}.Debug|Any CPU.Build.0 = Debug|Any CPU
		{0413BA8D-E793-4AD1-94AB-2B984EB56BFD}.Debug|x64.ActiveCfg = Debug|x64
		{0413BA8D-E793-4AD1-94AB-2B984EB56BFD}.Debug|x64.Build.0 = Debug|x64
		{0413BA8D-E793-4AD1-94AB-2B984EB56BFD}.Release|Any CPU.ActiveCfg = Release|Any CPU
		{0413BA8D-E793-4AD1-94AB-2B984EB56BFD}.Release|Any CPU.Build.0 = Release|Any CPU
		{0413BA8D-E793-4AD1-94AB-2B984EB56BFD}.Release|x64.ActiveCfg = Release|x64
		{0413BA8D-E793-4AD1-94AB-2B984EB56BFD}.Release|x64.Build.0 = Release|x64
		{2F7535B0-107F-449E-B8EE-75A810C1598C}.Debug|Any CPU.ActiveCfg = Debug|Any CPU
		{2F7535B0-107F-449E-B8EE-75A810C1598C}.Debug|Any CPU.Build.0 = Debug|Any CPU
		{2F7535B0-107F-449E-B8EE-75A810C1598C}.Debug|x64.ActiveCfg = Debug|x64
		{2F7535B0-107F-449E-B8EE-75A810C1598C}.Debug|x64.Build.0 = Debug|x64
		{2F7535B0-107F-449E-B8EE-75A810C1598C}.Release|Any CPU.ActiveCfg = Release|Any CPU
		{2F7535B0-107F-449E-B8EE-75A810C1598C}.Release|Any CPU.Build.0 = Release|Any CPU
		{2F7535B0-107F-449E-B8EE-75A810C1598C}.Release|x64.ActiveCfg = Release|x64
		{AD82FBA0-4FB0-485E-8FF2-060C4700108F}.Debug|Any CPU.ActiveCfg = Debug|Any CPU
		{AD82FBA0-4FB0-485E-8FF2-060C4700108F}.Debug|Any CPU.Build.0 = Debug|Any CPU
		{AD82FBA0-4FB0-485E-8FF2-060C4700108F}.Debug|x64.ActiveCfg = Debug|x64
		{AD82FBA0-4FB0-485E-8FF2-060C4700108F}.Debug|x64.Build.0 = Debug|x64
		{AD82FBA0-4FB0-485E-8FF2-060C4700108F}.Release|Any CPU.ActiveCfg = Release|Any CPU
		{AD82FBA0-4FB0-485E-8FF2-060C4700108F}.Release|Any CPU.Build.0 = Release|Any CPU
		{AD82FBA0-4FB0-485E-8FF2-060C4700108F}.Release|x64.ActiveCfg = Release|x64
		{AD82FBA0-4FB0-485E-8FF2-060C4700108F}.Release|x64.Build.0 = Release|x64
		{480AD1AE-E357-4D3F-910F-953C48833BF9}.Debug|Any CPU.ActiveCfg = Debug|Any CPU
		{480AD1AE-E357-4D3F-910F-953C48833BF9}.Debug|Any CPU.Build.0 = Debug|Any CPU
		{480AD1AE-E357-4D3F-910F-953C48833BF9}.Debug|x64.ActiveCfg = Debug|x64
		{480AD1AE-E357-4D3F-910F-953C48833BF9}.Debug|x64.Build.0 = Debug|x64
		{480AD1AE-E357-4D3F-910F-953C48833BF9}.Release|Any CPU.ActiveCfg = Release|Any CPU
		{480AD1AE-E357-4D3F-910F-953C48833BF9}.Release|Any CPU.Build.0 = Release|Any CPU
		{480AD1AE-E357-4D3F-910F-953C48833BF9}.Release|x64.ActiveCfg = Release|x64
		{11FF2551-4A85-4739-9B22-B80F4160FF6C}.Debug|Any CPU.ActiveCfg = Debug|Any CPU
		{11FF2551-4A85-4739-9B22-B80F4160FF6C}.Debug|Any CPU.Build.0 = Debug|Any CPU
		{11FF2551-4A85-4739-9B22-B80F4160FF6C}.Debug|x64.ActiveCfg = Debug|x64
		{11FF2551-4A85-4739-9B22-B80F4160FF6C}.Debug|x64.Build.0 = Debug|x64
		{11FF2551-4A85-4739-9B22-B80F4160FF6C}.Release|Any CPU.ActiveCfg = Release|Any CPU
		{11FF2551-4A85-4739-9B22-B80F4160FF6C}.Release|Any CPU.Build.0 = Release|Any CPU
		{11FF2551-4A85-4739-9B22-B80F4160FF6C}.Release|x64.ActiveCfg = Release|x64
		{11FF2551-4A85-4739-9B22-B80F4160FF6C}.Release|x64.Build.0 = Release|x64
	EndGlobalSection
	GlobalSection(SolutionProperties) = preSolution
		HideSolutionNode = FALSE
	EndGlobalSection
	GlobalSection(ExtensibilityGlobals) = postSolution
		SolutionGuid = {F1870F40-B995-4428-BF23-8AF607F72335}
	EndGlobalSection
EndGlobal
